
Microsoft Visual Studio Solution File, Format Version 12.00
# Visual Studio Version 17
VisualStudioVersion = 17.12.35514.174
MinimumVisualStudioVersion = 10.0.40219.1
Project("{FAE04EC0-301F-11D3-BF4B-00C04F79EFBC}") = "Source.Launcher", "Source.Launcher\Source.Launcher.csproj", "{97BFFCAF-9D9D-4352-980B-F930FBFABAF5}"
EndProject
Project("{FAE04EC0-301F-11D3-BF4B-00C04F79EFBC}") = "Source.Common", "Source.Common\Source.Common.csproj", "{46C136E1-A6C0-4B70-9823-C88413338DEF}"
EndProject
Project("{FAE04EC0-301F-11D3-BF4B-00C04F79EFBC}") = "Source.Engine", "Source.Engine\Source.Engine.csproj", "{383661AF-A866-4A97-A4EF-F0170496D679}"
EndProject
Project("{2150E333-8FDC-42A3-9474-1A3956D46DE8}") = "2b. Engine Main", "2b. Engine Main", "{9D1283AA-93A6-4DDA-8D5E-229E416F5FFA}"
EndProject
Project("{2150E333-8FDC-42A3-9474-1A3956D46DE8}") = "3. Game Realms", "3. Game Realms", "{9D95D703-BE2E-44A7-A9B3-106E4FC16631}"
EndProject
Project("{2150E333-8FDC-42A3-9474-1A3956D46DE8}") = "4. Executables", "4. Executables", "{ED68CF4A-63CA-458C-8391-EBE23B835B76}"
EndProject
Project("{FAE04EC0-301F-11D3-BF4B-00C04F79EFBC}") = "Game.Shared", "Game.Shared\Game.Shared.csproj", "{ED987559-4315-4908-9873-9B3054C44F27}"
EndProject
Project("{FAE04EC0-301F-11D3-BF4B-00C04F79EFBC}") = "Game.Client", "Game.Client\Game.Client.csproj", "{379DE4C6-5F3E-4AD5-B0E3-EB6670E06656}"
EndProject
Project("{FAE04EC0-301F-11D3-BF4B-00C04F79EFBC}") = "Game.Server", "Game.Server\Game.Server.csproj", "{F4CC2608-D7FA-4B85-915F-02174B94ABE6}"
EndProject
Project("{FAE04EC0-301F-11D3-BF4B-00C04F79EFBC}") = "Source.Filesystem", "Source.Filesystem\Source.Filesystem.csproj", "{29AE1289-1EEE-4B35-95A4-7BD303C507A6}"
EndProject
Project("{2150E333-8FDC-42A3-9474-1A3956D46DE8}") = "1. Engine Common", "1. Engine Common", "{6C519EE4-0567-4180-A0F3-C4D73222A263}"
EndProject
Project("{2150E333-8FDC-42A3-9474-1A3956D46DE8}") = "2c. Post-Engine Components", "2c. Post-Engine Components", "{4B578BC3-0E56-46A4-9316-23258535813E}"
EndProject
Project("{FAE04EC0-301F-11D3-BF4B-00C04F79EFBC}") = "Source.SDLManager", "Source.SDLManager\Source.SDLManager.csproj", "{B4D05C60-0069-4314-822D-159D9A7BE764}"
EndProject
Project("{FAE04EC0-301F-11D3-BF4B-00C04F79EFBC}") = "Source.SDLInputSystem", "Source.SDLInputSystem\Source.SDLInputSystem.csproj", "{EAEB4D68-6F22-4838-941A-594E8C887268}"
EndProject
Project("{FAE04EC0-301F-11D3-BF4B-00C04F79EFBC}") = "Source.MaterialSystem", "Source.ShaderAPI.GL46\Source.MaterialSystem.csproj", "{6AB81CA0-C196-44AE-875C-72E987D2E835}"
EndProject
Project("{2150E333-8FDC-42A3-9474-1A3956D46DE8}") = "2a. Pre-Engine Components", "2a. Pre-Engine Components", "{7717E508-10C7-4CBC-B833-4933D7D8E2F3}"
EndProject
Project("{FAE04EC0-301F-11D3-BF4B-00C04F79EFBC}") = "Raylib-cs", "Dependencies\Raylib-cs\Raylib-cs.csproj", "{73093B04-AFD4-444B-BFCA-B4077D9CB25B}"
EndProject
Project("{2150E333-8FDC-42A3-9474-1A3956D46DE8}") = "External Dependencies", "External Dependencies", "{B42FB9A3-4563-4A85-88C8-291C304FA3CE}"
EndProject
Project("{FAE04EC0-301F-11D3-BF4B-00C04F79EFBC}") = "Source.GUI.Controls", "Source.GUI.Controls\Source.GUI.Controls.csproj", "{A6019C2F-DD20-4A28-8268-08B3C757A415}"
EndProject
Global
	GlobalSection(SolutionConfigurationPlatforms) = preSolution
		Debug|Any CPU = Debug|Any CPU
		Release|Any CPU = Release|Any CPU
	EndGlobalSection
	GlobalSection(ProjectConfigurationPlatforms) = postSolution
		{97BFFCAF-9D9D-4352-980B-F930FBFABAF5}.Debug|Any CPU.ActiveCfg = Debug|Any CPU
		{97BFFCAF-9D9D-4352-980B-F930FBFABAF5}.Debug|Any CPU.Build.0 = Debug|Any CPU
		{97BFFCAF-9D9D-4352-980B-F930FBFABAF5}.Release|Any CPU.ActiveCfg = Release|Any CPU
		{97BFFCAF-9D9D-4352-980B-F930FBFABAF5}.Release|Any CPU.Build.0 = Release|Any CPU
		{46C136E1-A6C0-4B70-9823-C88413338DEF}.Debug|Any CPU.ActiveCfg = Debug|Any CPU
		{46C136E1-A6C0-4B70-9823-C88413338DEF}.Debug|Any CPU.Build.0 = Debug|Any CPU
		{46C136E1-A6C0-4B70-9823-C88413338DEF}.Release|Any CPU.ActiveCfg = Release|Any CPU
		{46C136E1-A6C0-4B70-9823-C88413338DEF}.Release|Any CPU.Build.0 = Release|Any CPU
		{383661AF-A866-4A97-A4EF-F0170496D679}.Debug|Any CPU.ActiveCfg = Debug|Any CPU
		{383661AF-A866-4A97-A4EF-F0170496D679}.Debug|Any CPU.Build.0 = Debug|Any CPU
		{383661AF-A866-4A97-A4EF-F0170496D679}.Release|Any CPU.ActiveCfg = Release|Any CPU
		{383661AF-A866-4A97-A4EF-F0170496D679}.Release|Any CPU.Build.0 = Release|Any CPU
		{ED987559-4315-4908-9873-9B3054C44F27}.Debug|Any CPU.ActiveCfg = Debug|Any CPU
		{ED987559-4315-4908-9873-9B3054C44F27}.Debug|Any CPU.Build.0 = Debug|Any CPU
		{ED987559-4315-4908-9873-9B3054C44F27}.Release|Any CPU.ActiveCfg = Release|Any CPU
		{ED987559-4315-4908-9873-9B3054C44F27}.Release|Any CPU.Build.0 = Release|Any CPU
		{379DE4C6-5F3E-4AD5-B0E3-EB6670E06656}.Debug|Any CPU.ActiveCfg = Debug|Any CPU
		{379DE4C6-5F3E-4AD5-B0E3-EB6670E06656}.Debug|Any CPU.Build.0 = Debug|Any CPU
		{379DE4C6-5F3E-4AD5-B0E3-EB6670E06656}.Release|Any CPU.ActiveCfg = Release|Any CPU
		{379DE4C6-5F3E-4AD5-B0E3-EB6670E06656}.Release|Any CPU.Build.0 = Release|Any CPU
		{F4CC2608-D7FA-4B85-915F-02174B94ABE6}.Debug|Any CPU.ActiveCfg = Debug|Any CPU
		{F4CC2608-D7FA-4B85-915F-02174B94ABE6}.Debug|Any CPU.Build.0 = Debug|Any CPU
		{F4CC2608-D7FA-4B85-915F-02174B94ABE6}.Release|Any CPU.ActiveCfg = Release|Any CPU
		{F4CC2608-D7FA-4B85-915F-02174B94ABE6}.Release|Any CPU.Build.0 = Release|Any CPU
		{29AE1289-1EEE-4B35-95A4-7BD303C507A6}.Debug|Any CPU.ActiveCfg = Debug|Any CPU
		{29AE1289-1EEE-4B35-95A4-7BD303C507A6}.Debug|Any CPU.Build.0 = Debug|Any CPU
		{29AE1289-1EEE-4B35-95A4-7BD303C507A6}.Release|Any CPU.ActiveCfg = Release|Any CPU
		{29AE1289-1EEE-4B35-95A4-7BD303C507A6}.Release|Any CPU.Build.0 = Release|Any CPU
		{B4D05C60-0069-4314-822D-159D9A7BE764}.Debug|Any CPU.ActiveCfg = Debug|Any CPU
		{B4D05C60-0069-4314-822D-159D9A7BE764}.Debug|Any CPU.Build.0 = Debug|Any CPU
		{B4D05C60-0069-4314-822D-159D9A7BE764}.Release|Any CPU.ActiveCfg = Release|Any CPU
		{B4D05C60-0069-4314-822D-159D9A7BE764}.Release|Any CPU.Build.0 = Release|Any CPU
		{EAEB4D68-6F22-4838-941A-594E8C887268}.Debug|Any CPU.ActiveCfg = Debug|Any CPU
		{EAEB4D68-6F22-4838-941A-594E8C887268}.Debug|Any CPU.Build.0 = Debug|Any CPU
		{EAEB4D68-6F22-4838-941A-594E8C887268}.Release|Any CPU.ActiveCfg = Release|Any CPU
		{EAEB4D68-6F22-4838-941A-594E8C887268}.Release|Any CPU.Build.0 = Release|Any CPU
		{6AB81CA0-C196-44AE-875C-72E987D2E835}.Debug|Any CPU.ActiveCfg = Debug|Any CPU
		{6AB81CA0-C196-44AE-875C-72E987D2E835}.Debug|Any CPU.Build.0 = Debug|Any CPU
		{6AB81CA0-C196-44AE-875C-72E987D2E835}.Release|Any CPU.ActiveCfg = Release|Any CPU
		{6AB81CA0-C196-44AE-875C-72E987D2E835}.Release|Any CPU.Build.0 = Release|Any CPU
		{73093B04-AFD4-444B-BFCA-B4077D9CB25B}.Debug|Any CPU.ActiveCfg = Debug|Any CPU
		{73093B04-AFD4-444B-BFCA-B4077D9CB25B}.Debug|Any CPU.Build.0 = Debug|Any CPU
		{73093B04-AFD4-444B-BFCA-B4077D9CB25B}.Release|Any CPU.ActiveCfg = Release|Any CPU
		{73093B04-AFD4-444B-BFCA-B4077D9CB25B}.Release|Any CPU.Build.0 = Release|Any CPU
		{A6019C2F-DD20-4A28-8268-08B3C757A415}.Debug|Any CPU.ActiveCfg = Debug|Any CPU
		{A6019C2F-DD20-4A28-8268-08B3C757A415}.Debug|Any CPU.Build.0 = Debug|Any CPU
		{A6019C2F-DD20-4A28-8268-08B3C757A415}.Release|Any CPU.ActiveCfg = Release|Any CPU
		{A6019C2F-DD20-4A28-8268-08B3C757A415}.Release|Any CPU.Build.0 = Release|Any CPU
	EndGlobalSection
	GlobalSection(SolutionProperties) = preSolution
		HideSolutionNode = FALSE
	EndGlobalSection
	GlobalSection(NestedProjects) = preSolution
		{97BFFCAF-9D9D-4352-980B-F930FBFABAF5} = {ED68CF4A-63CA-458C-8391-EBE23B835B76}
		{46C136E1-A6C0-4B70-9823-C88413338DEF} = {6C519EE4-0567-4180-A0F3-C4D73222A263}
		{383661AF-A866-4A97-A4EF-F0170496D679} = {9D1283AA-93A6-4DDA-8D5E-229E416F5FFA}
		{ED987559-4315-4908-9873-9B3054C44F27} = {9D95D703-BE2E-44A7-A9B3-106E4FC16631}
		{379DE4C6-5F3E-4AD5-B0E3-EB6670E06656} = {9D95D703-BE2E-44A7-A9B3-106E4FC16631}
		{F4CC2608-D7FA-4B85-915F-02174B94ABE6} = {9D95D703-BE2E-44A7-A9B3-106E4FC16631}
		{29AE1289-1EEE-4B35-95A4-7BD303C507A6} = {4B578BC3-0E56-46A4-9316-23258535813E}
		{B4D05C60-0069-4314-822D-159D9A7BE764} = {4B578BC3-0E56-46A4-9316-23258535813E}
		{EAEB4D68-6F22-4838-941A-594E8C887268} = {4B578BC3-0E56-46A4-9316-23258535813E}
		{6AB81CA0-C196-44AE-875C-72E987D2E835} = {4B578BC3-0E56-46A4-9316-23258535813E}
		{73093B04-AFD4-444B-BFCA-B4077D9CB25B} = {B42FB9A3-4563-4A85-88C8-291C304FA3CE}
		{B42FB9A3-4563-4A85-88C8-291C304FA3CE} = {4B578BC3-0E56-46A4-9316-23258535813E}
		{A6019C2F-DD20-4A28-8268-08B3C757A415} = {7717E508-10C7-4CBC-B833-4933D7D8E2F3}
	EndGlobalSection
EndGlobal
